
Microsoft Visual Studio Solution File, Format Version 12.00
# Visual Studio 2013
VisualStudioVersion = 12.0.30723.0
MinimumVisualStudioVersion = 10.0.40219.1
Project("{2150E333-8FDC-42A3-9474-1A3956D46DE8}") = "Binaries", "Binaries", "{0955808C-A9B9-43F2-BB38-5B940125698E}"
EndProject
Project("{FAE04EC0-301F-11D3-BF4B-00C04F79EFBC}") = "anthR.Web", "anthR.Web\anthR.Web.csproj", "{55C33FDF-39BF-4A9B-9767-BB4AD9F5F704}"
EndProject
Project("{FAE04EC0-301F-11D3-BF4B-00C04F79EFBC}") = "anthR.Web.Tests", "anthR.Web.Tests\anthR.Web.Tests.csproj", "{E5C5ED06-BA54-4787-BB06-D7E212062951}"
EndProject
Project("{FAE04EC0-301F-11D3-BF4B-00C04F79EFBC}") = "anthR.Utils", "anthR.Utils\anthR.Utils.csproj", "{019DC303-E61E-4E91-B4B5-6CA03C1FDC63}"
EndProject
Project("{FAE04EC0-301F-11D3-BF4B-00C04F79EFBC}") = "anthR.Hub", "anthR.Hub\anthR.Hub.csproj", "{09CFF202-F71C-44B4-A5F4-519FAFABC2D9}"
EndProject
Global
	GlobalSection(SolutionConfigurationPlatforms) = preSolution
		Debug|Any CPU = Debug|Any CPU
		Release|Any CPU = Release|Any CPU
	EndGlobalSection
	GlobalSection(ProjectConfigurationPlatforms) = postSolution
		{55C33FDF-39BF-4A9B-9767-BB4AD9F5F704}.Debug|Any CPU.ActiveCfg = Debug|Any CPU
		{55C33FDF-39BF-4A9B-9767-BB4AD9F5F704}.Debug|Any CPU.Build.0 = Debug|Any CPU
		{55C33FDF-39BF-4A9B-9767-BB4AD9F5F704}.Release|Any CPU.ActiveCfg = Release|Any CPU
		{55C33FDF-39BF-4A9B-9767-BB4AD9F5F704}.Release|Any CPU.Build.0 = Release|Any CPU
		{E5C5ED06-BA54-4787-BB06-D7E212062951}.Debug|Any CPU.ActiveCfg = Debug|Any CPU
		{E5C5ED06-BA54-4787-BB06-D7E212062951}.Debug|Any CPU.Build.0 = Debug|Any CPU
		{E5C5ED06-BA54-4787-BB06-D7E212062951}.Release|Any CPU.ActiveCfg = Release|Any CPU
		{E5C5ED06-BA54-4787-BB06-D7E212062951}.Release|Any CPU.Build.0 = Release|Any CPU
		{019DC303-E61E-4E91-B4B5-6CA03C1FDC63}.Debug|Any CPU.ActiveCfg = Debug|Any CPU
		{019DC303-E61E-4E91-B4B5-6CA03C1FDC63}.Debug|Any CPU.Build.0 = Debug|Any CPU
		{019DC303-E61E-4E91-B4B5-6CA03C1FDC63}.Release|Any CPU.ActiveCfg = Release|Any CPU
		{019DC303-E61E-4E91-B4B5-6CA03C1FDC63}.Release|Any CPU.Build.0 = Release|Any CPU
		{09CFF202-F71C-44B4-A5F4-519FAFABC2D9}.Debug|Any CPU.ActiveCfg = Debug|Any CPU
		{09CFF202-F71C-44B4-A5F4-519FAFABC2D9}.Debug|Any CPU.Build.0 = Debug|Any CPU
		{09CFF202-F71C-44B4-A5F4-519FAFABC2D9}.Release|Any CPU.ActiveCfg = Release|Any CPU
		{09CFF202-F71C-44B4-A5F4-519FAFABC2D9}.Release|Any CPU.Build.0 = Release|Any CPU
	EndGlobalSection
	GlobalSection(SolutionProperties) = preSolution
		HideSolutionNode = FALSE
	EndGlobalSection
	GlobalSection(NestedProjects) = preSolution
		{019DC303-E61E-4E91-B4B5-6CA03C1FDC63} = {0955808C-A9B9-43F2-BB38-5B940125698E}
		{09CFF202-F71C-44B4-A5F4-519FAFABC2D9} = {0955808C-A9B9-43F2-BB38-5B940125698E}
	EndGlobalSection
EndGlobal
